PODS:
  - AFNetworking (2.0.3):
    - AFNetworking/NSURLConnection
    - AFNetworking/NSURLSession
    - AFNetworking/Reachability
    - AFNetworking/Security
    - AFNetworking/Serialization
    - AFNetworking/UIKit
  - AFNetworking/NSURLConnection (2.0.3):
    - AFNetworking/Reachability
    - AFNetworking/Security
    - AFNetworking/Serialization
  - AFNetworking/NSURLSession (2.0.3):
    - AFNetworking/NSURLConnection
  - AFNetworking/Reachability (2.0.3)
  - AFNetworking/Security (2.0.3)
  - AFNetworking/Serialization (2.0.3)
  - AFNetworking/UIKit (2.0.3):
    - AFNetworking/NSURLConnection
  - AMAttributedHighlightLabel (0.0.1)
  - NJKScrollFullScreen (0.1)
  - PBWebViewController (0.1)
  - RESideMenu (3.4)
  - SORelativeDateTransformer (1.1.10)
  - SVPullToRefresh (0.4.1)
  - TTTAttributedLabel (1.8.0)
  - UITableView-NXEmptyView (0.1.4)

DEPENDENCIES:
  - AFNetworking (~> 2.0)
  - AMAttributedHighlightLabel
  - NJKScrollFullScreen
  - PBWebViewController (from `https://github.com/Palringo-Dev/PBWebViewController.git`)
  - RESideMenu
  - SORelativeDateTransformer
  - SVPullToRefresh
  - TTTAttributedLabel
  - UITableView-NXEmptyView

EXTERNAL SOURCES:
  PBWebViewController:
    :git: https://github.com/Palringo-Dev/PBWebViewController.git

SPEC CHECKSUMS:
  AFNetworking: e499052cbf3d743e9bb727bb37adb9dc2547ba15
  AMAttributedHighlightLabel: fe668dddfcdabb2dcc32cec46d7371bcf845897c
  NJKScrollFullScreen: c19623a3adac72c720375cb287e156f13e6afa55
  PBWebViewController: 43d19eaaca585912bd09c420b822bdb957d3e77a
  RESideMenu: d8d6330052e0348718826045b912a1c71748357d
  SORelativeDateTransformer: eba9b9bcc290eb7c9754b9955ace59b890fa59f8
  SVPullToRefresh: 61a0e4bd12bd6f8e3465909810b0fbeb1a28d5f2
  TTTAttributedLabel: cc759a194a485c1fdf2446bf2ee7a55bada1f08d
  UITableView-NXEmptyView: 034e5162ce7b8e3584d720d0d925c27ea7711220

COCOAPODS: 0.28.0
