// !$*UTF8*$!
{
	archiveVersion = 1;
	classes = {
	};
	objectVersion = 46;
	objects = {

/* Begin PBXBuildFile section */
		2E01912F18B3C70800AA7154 /* CommentViewController.m in Sources */ = {isa = PBXBuildFile; fileRef = 2E01912E18B3C70800AA7154 /* CommentViewController.m */; };
		2E01913218B3F57300AA7154 /* reply@2x.png in Resources */ = {isa = PBXBuildFile; fileRef = 2E01913018B3F57300AA7154 /* reply@2x.png */; };
		2E01913318B3F57300AA7154 /* reply.png in Resources */ = {isa = PBXBuildFile; fileRef = 2E01913118B3F57300AA7154 /* reply.png */; };
		2E01913618B41CE700AA7154 /* CommentNavViewController.m in Sources */ = {isa = PBXBuildFile; fileRef = 2E01913518B41CE700AA7154 /* CommentNavViewController.m */; };
		2E385A6018B2A57200A228BD /* UserFlow.storyboard in Resources */ = {isa = PBXBuildFile; fileRef = 2E385A5F18B2A57200A228BD /* UserFlow.storyboard */; };
		2E385A6318B2A59F00A228BD /* SignInViewController.m in Sources */ = {isa = PBXBuildFile; fileRef = 2E385A6218B2A59F00A228BD /* SignInViewController.m */; };
		2E38D6AC187308AA0002224F /* launch@2x.png in Resources */ = {isa = PBXBuildFile; fileRef = 2E38D6AA187308AA0002224F /* launch@2x.png */; };
		2E38D6AE18730B2B0002224F /* QuartzCore.framework in Frameworks */ = {isa = PBXBuildFile; fileRef = 2E38D6AD18730B2B0002224F /* QuartzCore.framework */; };
		2E4A7DC61872CE5600120796 /* ProgressHUD.bundle in Resources */ = {isa = PBXBuildFile; fileRef = 2E4A7DC31872CE5600120796 /* ProgressHUD.bundle */; };
		2E4A7DC71872CE5600120796 /* ProgressHUD.m in Sources */ = {isa = PBXBuildFile; fileRef = 2E4A7DC51872CE5600120796 /* ProgressHUD.m */; };
		2E4A7DCA1872E16E00120796 /* CommentCell.m in Sources */ = {isa = PBXBuildFile; fileRef = 2E4A7DC91872E16E00120796 /* CommentCell.m */; };
		2E50B95A1875CB20001B5485 /* MasterViewController.m in Sources */ = {isa = PBXBuildFile; fileRef = 2E50B9591875CB20001B5485 /* MasterViewController.m */; };
		2E50B96D1875D404001B5485 /* comments.png in Resources */ = {isa = PBXBuildFile; fileRef = 2E50B96B1875D404001B5485 /* comments.png */; };
		2E50B96E1875D404001B5485 /* comments@2x.png in Resources */ = {isa = PBXBuildFile; fileRef = 2E50B96C1875D404001B5485 /* comments@2x.png */; };
		2E58E63D1883083D003629C8 /* DNNavController.m in Sources */ = {isa = PBXBuildFile; fileRef = 2E58E63C1883083D003629C8 /* DNNavController.m */; };
		2E58E6411883152B003629C8 /* SettingsViewController.m in Sources */ = {isa = PBXBuildFile; fileRef = 2E58E6401883152B003629C8 /* SettingsViewController.m */; };
		2E58E643188318A4003629C8 /* settingsIcon@2x.png in Resources */ = {isa = PBXBuildFile; fileRef = 2E58E642188318A4003629C8 /* settingsIcon@2x.png */; };
		2E58E64718835B12003629C8 /* gearIcon@2x.png in Resources */ = {isa = PBXBuildFile; fileRef = 2E58E64618835B12003629C8 /* gearIcon@2x.png */; };
		2E58E64918835B17003629C8 /* gearIcon.png in Resources */ = {isa = PBXBuildFile; fileRef = 2E58E64818835B17003629C8 /* gearIcon.png */; };
		2E81D5111882249C00EF0E19 /* PBWebViewController.m in Sources */ = {isa = PBXBuildFile; fileRef = 2E81D5101882249C00EF0E19 /* PBWebViewController.m */; };
		2E81D514188224A400EF0E19 /* PBSafariActivity.m in Sources */ = {isa = PBXBuildFile; fileRef = 2E81D513188224A400EF0E19 /* PBSafariActivity.m */; };
		2E86325018B56A81000C58A3 /* thread.png in Resources */ = {isa = PBXBuildFile; fileRef = 2E86324E18B56A81000C58A3 /* thread.png */; };
		2E86325118B56A81000C58A3 /* thread@2x.png in Resources */ = {isa = PBXBuildFile; fileRef = 2E86324F18B56A81000C58A3 /* thread@2x.png */; };
		2EBA21521871D70700D8C5EC /* star@2x.png in Resources */ = {isa = PBXBuildFile; fileRef = 2EBA214E1871D70700D8C5EC /* star@2x.png */; };
		2EBA21531871D70700D8C5EC /* star.png in Resources */ = {isa = PBXBuildFile; fileRef = 2EBA214F1871D70700D8C5EC /* star.png */; };
		2EBA21541871D70700D8C5EC /* recent@2x.png in Resources */ = {isa = PBXBuildFile; fileRef = 2EBA21501871D70700D8C5EC /* recent@2x.png */; };
		2EBA21551871D70700D8C5EC /* recent.png in Resources */ = {isa = PBXBuildFile; fileRef = 2EBA21511871D70700D8C5EC /* recent.png */; };
		2EBA215A1871FDE900D8C5EC /* libMMMarkdown-iOS.a in Frameworks */ = {isa = PBXBuildFile; fileRef = 2EBA21591871FDE900D8C5EC /* libMMMarkdown-iOS.a */; };
		2ED1AA43187069E00085209F /* Foundation.framework in Frameworks */ = {isa = PBXBuildFile; fileRef = 2ED1AA42187069E00085209F /* Foundation.framework */; };
		2ED1AA45187069E00085209F /* CoreGraphics.framework in Frameworks */ = {isa = PBXBuildFile; fileRef = 2ED1AA44187069E00085209F /* CoreGraphics.framework */; };
		2ED1AA47187069E00085209F /* UIKit.framework in Frameworks */ = {isa = PBXBuildFile; fileRef = 2ED1AA46187069E00085209F /* UIKit.framework */; };
		2ED1AA4D187069E00085209F /* InfoPlist.strings in Resources */ = {isa = PBXBuildFile; fileRef = 2ED1AA4B187069E00085209F /* InfoPlist.strings */; };
		2ED1AA4F187069E00085209F /* main.m in Sources */ = {isa = PBXBuildFile; fileRef = 2ED1AA4E187069E00085209F /* main.m */; };
		2ED1AA53187069E00085209F /* AppDelegate.m in Sources */ = {isa = PBXBuildFile; fileRef = 2ED1AA52187069E00085209F /* AppDelegate.m */; };
		2ED1AA56187069E00085209F /* Main_iPhone.storyboard in Resources */ = {isa = PBXBuildFile; fileRef = 2ED1AA54187069E00085209F /* Main_iPhone.storyboard */; };
		2ED1AA5F187069E00085209F /* DetailViewController.m in Sources */ = {isa = PBXBuildFile; fileRef = 2ED1AA5E187069E00085209F /* DetailViewController.m */; };
		2ED1AA61187069E00085209F /* Images.xcassets in Resources */ = {isa = PBXBuildFile; fileRef = 2ED1AA60187069E00085209F /* Images.xcassets */; };
		2ED1AA68187069E00085209F /* XCTest.framework in Frameworks */ = {isa = PBXBuildFile; fileRef = 2ED1AA67187069E00085209F /* XCTest.framework */; };
		2ED1AA69187069E00085209F /* Foundation.framework in Frameworks */ = {isa = PBXBuildFile; fileRef = 2ED1AA42187069E00085209F /* Foundation.framework */; };
		2ED1AA6A187069E00085209F /* UIKit.framework in Frameworks */ = {isa = PBXBuildFile; fileRef = 2ED1AA46187069E00085209F /* UIKit.framework */; };
		2ED1AA72187069E00085209F /* InfoPlist.strings in Resources */ = {isa = PBXBuildFile; fileRef = 2ED1AA70187069E00085209F /* InfoPlist.strings */; };
		2ED1AA74187069E00085209F /* MobileDNTests.m in Sources */ = {isa = PBXBuildFile; fileRef = 2ED1AA73187069E00085209F /* MobileDNTests.m */; };
		2EE490B718B2BE2B00B7C66A /* AppHelpers.m in Sources */ = {isa = PBXBuildFile; fileRef = 2EE490B618B2BE2B00B7C66A /* AppHelpers.m */; };
		2EE490BA18B2CBEF00B7C66A /* upvote.png in Resources */ = {isa = PBXBuildFile; fileRef = 2EE490B818B2CBEF00B7C66A /* upvote.png */; };
		2EE490BB18B2CBEF00B7C66A /* upvote@2x.png in Resources */ = {isa = PBXBuildFile; fileRef = 2EE490B918B2CBEF00B7C66A /* upvote@2x.png */; };
		2EF232F5187317920043D7AD /* search.png in Resources */ = {isa = PBXBuildFile; fileRef = 2EF232F3187317920043D7AD /* search.png */; };
		2EF232F6187317920043D7AD /* search@2x.png in Resources */ = {isa = PBXBuildFile; fileRef = 2EF232F4187317920043D7AD /* search@2x.png */; };
		2EFA51F618731AFA002C0587 /* SearchViewController.m in Sources */ = {isa = PBXBuildFile; fileRef = 2EFA51F518731AFA002C0587 /* SearchViewController.m */; };
		A808BED665FF487B903A951C /* libPods.a in Frameworks */ = {isa = PBXBuildFile; fileRef = DB2A021C2A3344C1A8CAE063 /* libPods.a */; };
/* End PBXBuildFile section */

/* Begin PBXContainerItemProxy section */
		2ED1AA6B187069E00085209F /* PBXContainerItemProxy */ = {
			isa = PBXContainerItemProxy;
			containerPortal = 2ED1AA37187069E00085209F /* Project object */;
			proxyType = 1;
			remoteGlobalIDString = 2ED1AA3E187069E00085209F;
			remoteInfo = MobileDN;
		};
/* End PBXContainerItemProxy section */

/* Begin PBXFileReference section */
		2E01912D18B3C70800AA7154 /* CommentViewController.h */ = {isa = PBXFileReference; fileEncoding = 4; lastKnownFileType = sourcecode.c.h; path = CommentViewController.h; sourceTree = "<group>"; };
		2E01912E18B3C70800AA7154 /* CommentViewController.m */ = {isa = PBXFileReference; fileEncoding = 4; lastKnownFileType = sourcecode.c.objc; path = CommentViewController.m; sourceTree = "<group>"; };
		2E01913018B3F57300AA7154 /* reply@2x.png */ = {isa = PBXFileReference; lastKnownFileType = image.png; path = "reply@2x.png"; sourceTree = "<group>"; };
		2E01913118B3F57300AA7154 /* reply.png */ = {isa = PBXFileReference; lastKnownFileType = image.png; path = reply.png; sourceTree = "<group>"; };
		2E01913418B41CE700AA7154 /* CommentNavViewController.h */ = {isa = PBXFileReference; fileEncoding = 4; lastKnownFileType = sourcecode.c.h; path = CommentNavViewController.h; sourceTree = "<group>"; };
		2E01913518B41CE700AA7154 /* CommentNavViewController.m */ = {isa = PBXFileReference; fileEncoding = 4; lastKnownFileType = sourcecode.c.objc; path = CommentNavViewController.m; sourceTree = "<group>"; };
		2E2D53901875797D0099A991 /* Reveal.framework */ = {isa = PBXFileReference; lastKnownFileType = wrapper.framework; name = Reveal.framework; path = "../../../../Applications/Reveal.app/Contents/SharedSupport/iOS-Libraries/Reveal.framework"; sourceTree = "<group>"; };
		2E385A5F18B2A57200A228BD /* UserFlow.storyboard */ = {isa = PBXFileReference; fileEncoding = 4; lastKnownFileType = file.storyboard; path = UserFlow.storyboard; sourceTree = "<group>"; };
		2E385A6118B2A59F00A228BD /* SignInViewController.h */ = {isa = PBXFileReference; fileEncoding = 4; lastKnownFileType = sourcecode.c.h; path = SignInViewController.h; sourceTree = "<group>"; };
		2E385A6218B2A59F00A228BD /* SignInViewController.m */ = {isa = PBXFileReference; fileEncoding = 4; lastKnownFileType = sourcecode.c.objc; path = SignInViewController.m; sourceTree = "<group>"; };
		2E38D6AA187308AA0002224F /* launch@2x.png */ = {isa = PBXFileReference; lastKnownFileType = image.png; path = "launch@2x.png"; sourceTree = "<group>"; };
		2E38D6AD18730B2B0002224F /* QuartzCore.framework */ = {isa = PBXFileReference; lastKnownFileType = wrapper.framework; name = QuartzCore.framework; path = System/Library/Frameworks/QuartzCore.framework; sourceTree = SDKROOT; };
		2E4A7DC31872CE5600120796 /* ProgressHUD.bundle */ = {isa = PBXFileReference; lastKnownFileType = "wrapper.plug-in"; path = ProgressHUD.bundle; sourceTree = "<group>"; };
		2E4A7DC41872CE5600120796 /* ProgressHUD.h */ = {isa = PBXFileReference; fileEncoding = 4; lastKnownFileType = sourcecode.c.h; path = ProgressHUD.h; sourceTree = "<group>"; };
		2E4A7DC51872CE5600120796 /* ProgressHUD.m */ = {isa = PBXFileReference; fileEncoding = 4; lastKnownFileType = sourcecode.c.objc; path = ProgressHUD.m; sourceTree = "<group>"; };
		2E4A7DC81872E16E00120796 /* CommentCell.h */ = {isa = PBXFileReference; fileEncoding = 4; lastKnownFileType = sourcecode.c.h; path = CommentCell.h; sourceTree = "<group>"; };
		2E4A7DC91872E16E00120796 /* CommentCell.m */ = {isa = PBXFileReference; fileEncoding = 4; lastKnownFileType = sourcecode.c.objc; path = CommentCell.m; sourceTree = "<group>"; };
		2E50B9591875CB20001B5485 /* MasterViewController.m */ = {isa = PBXFileReference; fileEncoding = 4; lastKnownFileType = sourcecode.c.objc; path = MasterViewController.m; sourceTree = "<group>"; };
		2E50B96B1875D404001B5485 /* comments.png */ = {isa = PBXFileReference; lastKnownFileType = image.png; path = comments.png; sourceTree = "<group>"; };
		2E50B96C1875D404001B5485 /* comments@2x.png */ = {isa = PBXFileReference; lastKnownFileType = image.png; path = "comments@2x.png"; sourceTree = "<group>"; };
		2E58E63B1883083D003629C8 /* DNNavController.h */ = {isa = PBXFileReference; fileEncoding = 4; lastKnownFileType = sourcecode.c.h; path = DNNavController.h; sourceTree = "<group>"; };
		2E58E63C1883083D003629C8 /* DNNavController.m */ = {isa = PBXFileReference; fileEncoding = 4; lastKnownFileType = sourcecode.c.objc; path = DNNavController.m; sourceTree = "<group>"; };
		2E58E63F1883152B003629C8 /* SettingsViewController.h */ = {isa = PBXFileReference; fileEncoding = 4; lastKnownFileType = sourcecode.c.h; path = SettingsViewController.h; sourceTree = "<group>"; };
		2E58E6401883152B003629C8 /* SettingsViewController.m */ = {isa = PBXFileReference; fileEncoding = 4; lastKnownFileType = sourcecode.c.objc; path = SettingsViewController.m; sourceTree = "<group>"; };
		2E58E642188318A4003629C8 /* settingsIcon@2x.png */ = {isa = PBXFileReference; lastKnownFileType = image.png; path = "settingsIcon@2x.png"; sourceTree = "<group>"; };
		2E58E64618835B12003629C8 /* gearIcon@2x.png */ = {isa = PBXFileReference; lastKnownFileType = image.png; path = "gearIcon@2x.png"; sourceTree = "<group>"; };
		2E58E64818835B17003629C8 /* gearIcon.png */ = {isa = PBXFileReference; lastKnownFileType = image.png; path = gearIcon.png; sourceTree = "<group>"; };
		2E81D50F1882249C00EF0E19 /* PBWebViewController.h */ = {isa = PBXFileReference; fileEncoding = 4; lastKnownFileType = sourcecode.c.h; path = PBWebViewController.h; sourceTree = "<group>"; };
		2E81D5101882249C00EF0E19 /* PBWebViewController.m */ = {isa = PBXFileReference; fileEncoding = 4; lastKnownFileType = sourcecode.c.objc; path = PBWebViewController.m; sourceTree = "<group>"; };
		2E81D512188224A400EF0E19 /* PBSafariActivity.h */ = {isa = PBXFileReference; fileEncoding = 4; lastKnownFileType = sourcecode.c.h; path = PBSafariActivity.h; sourceTree = "<group>"; };
		2E81D513188224A400EF0E19 /* PBSafariActivity.m */ = {isa = PBXFileReference; fileEncoding = 4; lastKnownFileType = sourcecode.c.objc; path = PBSafariActivity.m; sourceTree = "<group>"; };
		2E86324E18B56A81000C58A3 /* thread.png */ = {isa = PBXFileReference; lastKnownFileType = image.png; path = thread.png; sourceTree = "<group>"; };
		2E86324F18B56A81000C58A3 /* thread@2x.png */ = {isa = PBXFileReference; lastKnownFileType = image.png; path = "thread@2x.png"; sourceTree = "<group>"; };
		2EBA214E1871D70700D8C5EC /* star@2x.png */ = {isa = PBXFileReference; lastKnownFileType = image.png; path = "star@2x.png"; sourceTree = "<group>"; };
		2EBA214F1871D70700D8C5EC /* star.png */ = {isa = PBXFileReference; lastKnownFileType = image.png; path = star.png; sourceTree = "<group>"; };
		2EBA21501871D70700D8C5EC /* recent@2x.png */ = {isa = PBXFileReference; lastKnownFileType = image.png; path = "recent@2x.png"; sourceTree = "<group>"; };
		2EBA21511871D70700D8C5EC /* recent.png */ = {isa = PBXFileReference; lastKnownFileType = image.png; path = recent.png; sourceTree = "<group>"; };
		2EBA21591871FDE900D8C5EC /* libMMMarkdown-iOS.a */ = {isa = PBXFileReference; lastKnownFileType = archive.ar; path = "libMMMarkdown-iOS.a"; sourceTree = "<group>"; };
		2EBA215B1871FDF100D8C5EC /* MMMarkdown.h */ = {isa = PBXFileReference; fileEncoding = 4; lastKnownFileType = sourcecode.c.h; path = MMMarkdown.h; sourceTree = "<group>"; };
		2ED1AA3F187069E00085209F /* MobileDN.app */ = {isa = PBXFileReference; explicitFileType = wrapper.application; includeInIndex = 0; path = MobileDN.app; sourceTree = BUILT_PRODUCTS_DIR; };
		2ED1AA42187069E00085209F /* Foundation.framework */ = {isa = PBXFileReference; lastKnownFileType = wrapper.framework; name = Foundation.framework; path = System/Library/Frameworks/Foundation.framework; sourceTree = SDKROOT; };
		2ED1AA44187069E00085209F /* CoreGraphics.framework */ = {isa = PBXFileReference; lastKnownFileType = wrapper.framework; name = CoreGraphics.framework; path = System/Library/Frameworks/CoreGraphics.framework; sourceTree = SDKROOT; };
		2ED1AA46187069E00085209F /* UIKit.framework */ = {isa = PBXFileReference; lastKnownFileType = wrapper.framework; name = UIKit.framework; path = System/Library/Frameworks/UIKit.framework; sourceTree = SDKROOT; };
		2ED1AA4A187069E00085209F /* MobileDN-Info.plist */ = {isa = PBXFileReference; lastKnownFileType = text.plist.xml; path = "MobileDN-Info.plist"; sourceTree = "<group>"; };
		2ED1AA4C187069E00085209F /* en */ = {isa = PBXFileReference; lastKnownFileType = text.plist.strings; name = en; path = en.lproj/InfoPlist.strings; sourceTree = "<group>"; };
		2ED1AA4E187069E00085209F /* main.m */ = {isa = PBXFileReference; lastKnownFileType = sourcecode.c.objc; path = main.m; sourceTree = "<group>"; };
		2ED1AA50187069E00085209F /* MobileDN-Prefix.pch */ = {isa = PBXFileReference; lastKnownFileType = sourcecode.c.h; path = "MobileDN-Prefix.pch"; sourceTree = "<group>"; };
		2ED1AA51187069E00085209F /* AppDelegate.h */ = {isa = PBXFileReference; lastKnownFileType = sourcecode.c.h; path = AppDelegate.h; sourceTree = "<group>"; };
		2ED1AA52187069E00085209F /* AppDelegate.m */ = {isa = PBXFileReference; lastKnownFileType = sourcecode.c.objc; path = AppDelegate.m; sourceTree = "<group>"; };
		2ED1AA55187069E00085209F /* Base */ = {isa = PBXFileReference; lastKnownFileType = file.storyboard; name = Base; path = Base.lproj/Main_iPhone.storyboard; sourceTree = "<group>"; };
		2ED1AA5A187069E00085209F /* MasterViewController.h */ = {isa = PBXFileReference; lastKnownFileType = sourcecode.c.h; path = MasterViewController.h; sourceTree = "<group>"; };
		2ED1AA5D187069E00085209F /* DetailViewController.h */ = {isa = PBXFileReference; lastKnownFileType = sourcecode.c.h; path = DetailViewController.h; sourceTree = "<group>"; };
		2ED1AA5E187069E00085209F /* DetailViewController.m */ = {isa = PBXFileReference; lastKnownFileType = sourcecode.c.objc; path = DetailViewController.m; sourceTree = "<group>"; };
		2ED1AA60187069E00085209F /* Images.xcassets */ = {isa = PBXFileReference; lastKnownFileType = folder.assetcatalog; path = Images.xcassets; sourceTree = "<group>"; };
		2ED1AA66187069E00085209F /* MobileDNTests.xctest */ = {isa = PBXFileReference; explicitFileType = wrapper.cfbundle; includeInIndex = 0; path = MobileDNTests.xctest; sourceTree = BUILT_PRODUCTS_DIR; };
		2ED1AA67187069E00085209F /* XCTest.framework */ = {isa = PBXFileReference; lastKnownFileType = wrapper.framework; name = XCTest.framework; path = Library/Frameworks/XCTest.framework; sourceTree = DEVELOPER_DIR; };
		2ED1AA6F187069E00085209F /* MobileDNTests-Info.plist */ = {isa = PBXFileReference; lastKnownFileType = text.plist.xml; path = "MobileDNTests-Info.plist"; sourceTree = "<group>"; };
		2ED1AA71187069E00085209F /* en */ = {isa = PBXFileReference; lastKnownFileType = text.plist.strings; name = en; path = en.lproj/InfoPlist.strings; sourceTree = "<group>"; };
		2ED1AA73187069E00085209F /* MobileDNTests.m */ = {isa = PBXFileReference; lastKnownFileType = sourcecode.c.objc; path = MobileDNTests.m; sourceTree = "<group>"; };
		2EE490B518B2BE2B00B7C66A /* AppHelpers.h */ = {isa = PBXFileReference; fileEncoding = 4; lastKnownFileType = sourcecode.c.h; path = AppHelpers.h; sourceTree = "<group>"; };
		2EE490B618B2BE2B00B7C66A /* AppHelpers.m */ = {isa = PBXFileReference; fileEncoding = 4; lastKnownFileType = sourcecode.c.objc; path = AppHelpers.m; sourceTree = "<group>"; };
		2EE490B818B2CBEF00B7C66A /* upvote.png */ = {isa = PBXFileReference; lastKnownFileType = image.png; path = upvote.png; sourceTree = "<group>"; };
		2EE490B918B2CBEF00B7C66A /* upvote@2x.png */ = {isa = PBXFileReference; lastKnownFileType = image.png; path = "upvote@2x.png"; sourceTree = "<group>"; };
		2EF232F01873126E0043D7AD /* SearchViewController.h */ = {isa = PBXFileReference; fileEncoding = 4; lastKnownFileType = sourcecode.c.h; path = SearchViewController.h; sourceTree = "<group>"; };
		2EF232F3187317920043D7AD /* search.png */ = {isa = PBXFileReference; lastKnownFileType = image.png; path = search.png; sourceTree = "<group>"; };
		2EF232F4187317920043D7AD /* search@2x.png */ = {isa = PBXFileReference; lastKnownFileType = image.png; path = "search@2x.png"; sourceTree = "<group>"; };
		2EFA51F518731AFA002C0587 /* SearchViewController.m */ = {isa = PBXFileReference; fileEncoding = 4; lastKnownFileType = sourcecode.c.objc; path = SearchViewController.m; sourceTree = "<group>"; };
		CB487FBAEAF7466F9D2EF7DA /* Pods.xcconfig */ = {isa = PBXFileReference; includeInIndex = 1; lastKnownFileType = text.xcconfig; name = Pods.xcconfig; path = Pods/Pods.xcconfig; sourceTree = "<group>"; };
		DB2A021C2A3344C1A8CAE063 /* libPods.a */ = {isa = PBXFileReference; explicitFileType = archive.ar; includeInIndex = 0; path = libPods.a; sourceTree = BUILT_PRODUCTS_DIR; };
/* End PBXFileReference section */

/* Begin PBXFrameworksBuildPhase section */
		2ED1AA3C187069E00085209F /* Frameworks */ = {
			isa = PBXFrameworksBuildPhase;
			buildActionMask = 2147483647;
			files = (
				2E38D6AE18730B2B0002224F /* QuartzCore.framework in Frameworks */,
				2ED1AA45187069E00085209F /* CoreGraphics.framework in Frameworks */,
				2ED1AA47187069E00085209F /* UIKit.framework in Frameworks */,
				2ED1AA43187069E00085209F /* Foundation.framework in Frameworks */,
				2EBA215A1871FDE900D8C5EC /* libMMMarkdown-iOS.a in Frameworks */,
				A808BED665FF487B903A951C /* libPods.a in Frameworks */,
			);
			runOnlyForDeploymentPostprocessing = 0;
		};
		2ED1AA63187069E00085209F /* Frameworks */ = {
			isa = PBXFrameworksBuildPhase;
			buildActionMask = 2147483647;
			files = (
				2ED1AA68187069E00085209F /* XCTest.framework in Frameworks */,
				2ED1AA6A187069E00085209F /* UIKit.framework in Frameworks */,
				2ED1AA69187069E00085209F /* Foundation.framework in Frameworks */,
			);
			runOnlyForDeploymentPostprocessing = 0;
		};
/* End PBXFrameworksBuildPhase section */

/* Begin PBXGroup section */
		2E4A7DC21872CE5600120796 /* ProgressHUD */ = {
			isa = PBXGroup;
			children = (
				2E4A7DC31872CE5600120796 /* ProgressHUD.bundle */,
				2E4A7DC41872CE5600120796 /* ProgressHUD.h */,
				2E4A7DC51872CE5600120796 /* ProgressHUD.m */,
			);
			path = ProgressHUD;
			sourceTree = "<group>";
		};
		2E58E63E18830898003629C8 /* PBWebViewController */ = {
			isa = PBXGroup;
			children = (
				2E81D50F1882249C00EF0E19 /* PBWebViewController.h */,
				2E81D5101882249C00EF0E19 /* PBWebViewController.m */,
				2E81D512188224A400EF0E19 /* PBSafariActivity.h */,
				2E81D513188224A400EF0E19 /* PBSafariActivity.m */,
			);
			name = PBWebViewController;
			sourceTree = "<group>";
		};
		2E81D50E1882248500EF0E19 /* Vendor */ = {
			isa = PBXGroup;
			children = (
				2E58E63E18830898003629C8 /* PBWebViewController */,
				2E4A7DC21872CE5600120796 /* ProgressHUD */,
			);
			name = Vendor;
			sourceTree = "<group>";
		};
		2ED1AA36187069E00085209F = {
			isa = PBXGroup;
			children = (
				2ED1AA48187069E00085209F /* MobileDN */,
				2ED1AA6D187069E00085209F /* MobileDNTests */,
				2ED1AA41187069E00085209F /* Frameworks */,
				2ED1AA40187069E00085209F /* Products */,
				CB487FBAEAF7466F9D2EF7DA /* Pods.xcconfig */,
			);
			sourceTree = "<group>";
		};
		2ED1AA40187069E00085209F /* Products */ = {
			isa = PBXGroup;
			children = (
				2ED1AA3F187069E00085209F /* MobileDN.app */,
				2ED1AA66187069E00085209F /* MobileDNTests.xctest */,
			);
			name = Products;
			sourceTree = "<group>";
		};
		2ED1AA41187069E00085209F /* Frameworks */ = {
			isa = PBXGroup;
			children = (
				2E2D53901875797D0099A991 /* Reveal.framework */,
				2E38D6AD18730B2B0002224F /* QuartzCore.framework */,
				2ED1AA42187069E00085209F /* Foundation.framework */,
				2ED1AA44187069E00085209F /* CoreGraphics.framework */,
				2ED1AA46187069E00085209F /* UIKit.framework */,
				2ED1AA67187069E00085209F /* XCTest.framework */,
				DB2A021C2A3344C1A8CAE063 /* libPods.a */,
			);
			name = Frameworks;
			sourceTree = "<group>";
		};
		2ED1AA48187069E00085209F /* MobileDN */ = {
			isa = PBXGroup;
			children = (
				2ED1AA51187069E00085209F /* AppDelegate.h */,
				2ED1AA52187069E00085209F /* AppDelegate.m */,
				2EE490B518B2BE2B00B7C66A /* AppHelpers.h */,
				2EE490B618B2BE2B00B7C66A /* AppHelpers.m */,
				2E4A7DC81872E16E00120796 /* CommentCell.h */,
				2E4A7DC91872E16E00120796 /* CommentCell.m */,
				2E01913418B41CE700AA7154 /* CommentNavViewController.h */,
				2E01913518B41CE700AA7154 /* CommentNavViewController.m */,
				2E01912D18B3C70800AA7154 /* CommentViewController.h */,
				2E01912E18B3C70800AA7154 /* CommentViewController.m */,
				2ED1AA5D187069E00085209F /* DetailViewController.h */,
				2ED1AA5E187069E00085209F /* DetailViewController.m */,
				2E58E63B1883083D003629C8 /* DNNavController.h */,
				2E58E63C1883083D003629C8 /* DNNavController.m */,
				2ED1AA60187069E00085209F /* Images.xcassets */,
				2ED1AA54187069E00085209F /* Main_iPhone.storyboard */,
				2E385A5F18B2A57200A228BD /* UserFlow.storyboard */,
				2ED1AA5A187069E00085209F /* MasterViewController.h */,
				2E50B9591875CB20001B5485 /* MasterViewController.m */,
				2EF232F01873126E0043D7AD /* SearchViewController.h */,
				2EFA51F518731AFA002C0587 /* SearchViewController.m */,
				2E58E63F1883152B003629C8 /* SettingsViewController.h */,
				2E58E6401883152B003629C8 /* SettingsViewController.m */,
				2E385A6118B2A59F00A228BD /* SignInViewController.h */,
				2E385A6218B2A59F00A228BD /* SignInViewController.m */,
				2ED1AA49187069E00085209F /* Supporting Files */,
				2E81D50E1882248500EF0E19 /* Vendor */,
			);
			path = MobileDN;
			sourceTree = "<group>";
		};
		2ED1AA49187069E00085209F /* Supporting Files */ = {
			isa = PBXGroup;
			children = (
				2EE490B818B2CBEF00B7C66A /* upvote.png */,
				2EE490B918B2CBEF00B7C66A /* upvote@2x.png */,
				2E58E64818835B17003629C8 /* gearIcon.png */,
				2E01913018B3F57300AA7154 /* reply@2x.png */,
				2E86324E18B56A81000C58A3 /* thread.png */,
				2E86324F18B56A81000C58A3 /* thread@2x.png */,
				2E01913118B3F57300AA7154 /* reply.png */,
				2E58E64618835B12003629C8 /* gearIcon@2x.png */,
				2E50B96B1875D404001B5485 /* comments.png */,
				2E50B96C1875D404001B5485 /* comments@2x.png */,
				2EF232F3187317920043D7AD /* search.png */,
				2EF232F4187317920043D7AD /* search@2x.png */,
				2E38D6AA187308AA0002224F /* launch@2x.png */,
				2E58E642188318A4003629C8 /* settingsIcon@2x.png */,
				2EBA215B1871FDF100D8C5EC /* MMMarkdown.h */,
				2EBA21591871FDE900D8C5EC /* libMMMarkdown-iOS.a */,
				2EBA214E1871D70700D8C5EC /* star@2x.png */,
				2EBA214F1871D70700D8C5EC /* star.png */,
				2EBA21501871D70700D8C5EC /* recent@2x.png */,
				2EBA21511871D70700D8C5EC /* recent.png */,
				2ED1AA4A187069E00085209F /* MobileDN-Info.plist */,
				2ED1AA4B187069E00085209F /* InfoPlist.strings */,
				2ED1AA4E187069E00085209F /* main.m */,
				2ED1AA50187069E00085209F /* MobileDN-Prefix.pch */,
			);
			name = "Supporting Files";
			sourceTree = "<group>";
		};
		2ED1AA6D187069E00085209F /* MobileDNTests */ = {
			isa = PBXGroup;
			children = (
				2ED1AA73187069E00085209F /* MobileDNTests.m */,
				2ED1AA6E187069E00085209F /* Supporting Files */,
			);
			path = MobileDNTests;
			sourceTree = "<group>";
		};
		2ED1AA6E187069E00085209F /* Supporting Files */ = {
			isa = PBXGroup;
			children = (
				2ED1AA6F187069E00085209F /* MobileDNTests-Info.plist */,
				2ED1AA70187069E00085209F /* InfoPlist.strings */,
			);
			name = "Supporting Files";
			sourceTree = "<group>";
		};
/* End PBXGroup section */

/* Begin PBXNativeTarget section */
		2ED1AA3E187069E00085209F /* MobileDN */ = {
			isa = PBXNativeTarget;
			buildConfigurationList = 2ED1AA77187069E00085209F /* Build configuration list for PBXNativeTarget "MobileDN" */;
			buildPhases = (
				29029D32F369408DBC1C7EBE /* Check Pods Manifest.lock */,
				2ED1AA3B187069E00085209F /* Sources */,
				2ED1AA3C187069E00085209F /* Frameworks */,
				2ED1AA3D187069E00085209F /* Resources */,
				FEAE104FD45B40928882C357 /* Copy Pods Resources */,
			);
			buildRules = (
			);
			dependencies = (
			);
			name = MobileDN;
			productName = MobileDN;
			productReference = 2ED1AA3F187069E00085209F /* MobileDN.app */;
			productType = "com.apple.product-type.application";
		};
		2ED1AA65187069E00085209F /* MobileDNTests */ = {
			isa = PBXNativeTarget;
			buildConfigurationList = 2ED1AA7A187069E00085209F /* Build configuration list for PBXNativeTarget "MobileDNTests" */;
			buildPhases = (
				2ED1AA62187069E00085209F /* Sources */,
				2ED1AA63187069E00085209F /* Frameworks */,
				2ED1AA64187069E00085209F /* Resources */,
			);
			buildRules = (
			);
			dependencies = (
				2ED1AA6C187069E00085209F /* PBXTargetDependency */,
			);
			name = MobileDNTests;
			productName = MobileDNTests;
			productReference = 2ED1AA66187069E00085209F /* MobileDNTests.xctest */;
			productType = "com.apple.product-type.bundle.unit-test";
		};
/* End PBXNativeTarget section */

/* Begin PBXProject section */
		2ED1AA37187069E00085209F /* Project object */ = {
			isa = PBXProject;
			attributes = {
				LastUpgradeCheck = 0500;
				ORGANIZATIONNAME = "Alasdair Monk";
				TargetAttributes = {
					2ED1AA3E187069E00085209F = {
						DevelopmentTeam = KYSECZZ36U;
					};
					2ED1AA65187069E00085209F = {
						TestTargetID = 2ED1AA3E187069E00085209F;
					};
				};
			};
			buildConfigurationList = 2ED1AA3A187069E00085209F /* Build configuration list for PBXProject "MobileDN" */;
			compatibilityVersion = "Xcode 3.2";
			developmentRegion = English;
			hasScannedForEncodings = 0;
			knownRegions = (
				en,
				Base,
			);
			mainGroup = 2ED1AA36187069E00085209F;
			productRefGroup = 2ED1AA40187069E00085209F /* Products */;
			projectDirPath = "";
			projectRoot = "";
			targets = (
				2ED1AA3E187069E00085209F /* MobileDN */,
				2ED1AA65187069E00085209F /* MobileDNTests */,
			);
		};
/* End PBXProject section */

/* Begin PBXResourcesBuildPhase section */
		2ED1AA3D187069E00085209F /* Resources */ = {
			isa = PBXResourcesBuildPhase;
			buildActionMask = 2147483647;
			files = (
				2EE490BA18B2CBEF00B7C66A /* upvote.png in Resources */,
				2E38D6AC187308AA0002224F /* launch@2x.png in Resources */,
				2EBA21541871D70700D8C5EC /* recent@2x.png in Resources */,
				2EBA21521871D70700D8C5EC /* star@2x.png in Resources */,
				2E58E64718835B12003629C8 /* gearIcon@2x.png in Resources */,
				2EE490BB18B2CBEF00B7C66A /* upvote@2x.png in Resources */,
				2E58E64918835B17003629C8 /* gearIcon.png in Resources */,
				2E58E643188318A4003629C8 /* settingsIcon@2x.png in Resources */,
				2E385A6018B2A57200A228BD /* UserFlow.storyboard in Resources */,
				2ED1AA61187069E00085209F /* Images.xcassets in Resources */,
				2E86325118B56A81000C58A3 /* thread@2x.png in Resources */,
				2ED1AA56187069E00085209F /* Main_iPhone.storyboard in Resources */,
				2E50B96E1875D404001B5485 /* comments@2x.png in Resources */,
				2EF232F5187317920043D7AD /* search.png in Resources */,
				2E4A7DC61872CE5600120796 /* ProgressHUD.bundle in Resources */,
				2EF232F6187317920043D7AD /* search@2x.png in Resources */,
				2E50B96D1875D404001B5485 /* comments.png in Resources */,
				2ED1AA4D187069E00085209F /* InfoPlist.strings in Resources */,
				2E01913218B3F57300AA7154 /* reply@2x.png in Resources */,
				2EBA21551871D70700D8C5EC /* recent.png in Resources */,
				2E86325018B56A81000C58A3 /* thread.png in Resources */,
				2E01913318B3F57300AA7154 /* reply.png in Resources */,
				2EBA21531871D70700D8C5EC /* star.png in Resources */,
			);
			runOnlyForDeploymentPostprocessing = 0;
		};
		2ED1AA64187069E00085209F /* Resources */ = {
			isa = PBXResourcesBuildPhase;
			buildActionMask = 2147483647;
			files = (
				2ED1AA72187069E00085209F /* InfoPlist.strings in Resources */,
			);
			runOnlyForDeploymentPostprocessing = 0;
		};
/* End PBXResourcesBuildPhase section */

/* Begin PBXShellScriptBuildPhase section */
		29029D32F369408DBC1C7EBE /* Check Pods Manifest.lock */ = {
			isa = PBXShellScriptBuildPhase;
			buildActionMask = 2147483647;
			files = (
			);
			inputPaths = (
			);
			name = "Check Pods Manifest.lock";
			outputPaths = (
			);
			runOnlyForDeploymentPostprocessing = 0;
			shellPath = /bin/sh;
			shellScript = "diff \"${PODS_ROOT}/../Podfile.lock\" \"${PODS_ROOT}/Manifest.lock\" > /dev/null\nif [[ $? != 0 ]] ; then\n    cat << EOM\nerror: The sandbox is not in sync with the Podfile.lock. Run 'pod install' or update your CocoaPods installation.\nEOM\n    exit 1\nfi\n";
			showEnvVarsInLog = 0;
		};
		FEAE104FD45B40928882C357 /* Copy Pods Resources */ = {
			isa = PBXShellScriptBuildPhase;
			buildActionMask = 2147483647;
			files = (
			);
			inputPaths = (
			);
			name = "Copy Pods Resources";
			outputPaths = (
			);
			runOnlyForDeploymentPostprocessing = 0;
			shellPath = /bin/sh;
			shellScript = "\"${SRCROOT}/Pods/Pods-resources.sh\"\n";
			showEnvVarsInLog = 0;
		};
/* End PBXShellScriptBuildPhase section */

/* Begin PBXSourcesBuildPhase section */
		2ED1AA3B187069E00085209F /* Sources */ = {
			isa = PBXSourcesBuildPhase;
			buildActionMask = 2147483647;
			files = (
				2ED1AA53187069E00085209F /* AppDelegate.m in Sources */,
				2E4A7DCA1872E16E00120796 /* CommentCell.m in Sources */,
				2E01912F18B3C70800AA7154 /* CommentViewController.m in Sources */,
				2E4A7DC71872CE5600120796 /* ProgressHUD.m in Sources */,
				2ED1AA4F187069E00085209F /* main.m in Sources */,
				2E385A6318B2A59F00A228BD /* SignInViewController.m in Sources */,
				2E01913618B41CE700AA7154 /* CommentNavViewController.m in Sources */,
				2ED1AA5F187069E00085209F /* DetailViewController.m in Sources */,
				2E58E63D1883083D003629C8 /* DNNavController.m in Sources */,
				2E81D514188224A400EF0E19 /* PBSafariActivity.m in Sources */,
				2EFA51F618731AFA002C0587 /* SearchViewController.m in Sources */,
				2EE490B718B2BE2B00B7C66A /* AppHelpers.m in Sources */,
				2E58E6411883152B003629C8 /* SettingsViewController.m in Sources */,
				2E50B95A1875CB20001B5485 /* MasterViewController.m in Sources */,
				2E81D5111882249C00EF0E19 /* PBWebViewController.m in Sources */,
			);
			runOnlyForDeploymentPostprocessing = 0;
		};
		2ED1AA62187069E00085209F /* Sources */ = {
			isa = PBXSourcesBuildPhase;
			buildActionMask = 2147483647;
			files = (
				2ED1AA74187069E00085209F /* MobileDNTests.m in Sources */,
			);
			runOnlyForDeploymentPostprocessing = 0;
		};
/* End PBXSourcesBuildPhase section */

/* Begin PBXTargetDependency section */
		2ED1AA6C187069E00085209F /* PBXTargetDependency */ = {
			isa = PBXTargetDependency;
			target = 2ED1AA3E187069E00085209F /* MobileDN */;
			targetProxy = 2ED1AA6B187069E00085209F /* PBXContainerItemProxy */;
		};
/* End PBXTargetDependency section */

/* Begin PBXVariantGroup section */
		2ED1AA4B187069E00085209F /* InfoPlist.strings */ = {
			isa = PBXVariantGroup;
			children = (
				2ED1AA4C187069E00085209F /* en */,
			);
			name = InfoPlist.strings;
			sourceTree = "<group>";
		};
		2ED1AA54187069E00085209F /* Main_iPhone.storyboard */ = {
			isa = PBXVariantGroup;
			children = (
				2ED1AA55187069E00085209F /* Base */,
			);
			name = Main_iPhone.storyboard;
			sourceTree = "<group>";
		};
		2ED1AA70187069E00085209F /* InfoPlist.strings */ = {
			isa = PBXVariantGroup;
			children = (
				2ED1AA71187069E00085209F /* en */,
			);
			name = InfoPlist.strings;
			sourceTree = "<group>";
		};
/* End PBXVariantGroup section */

/* Begin XCBuildConfiguration section */
		2ED1AA75187069E00085209F /* Debug */ = {
			isa = XCBuildConfiguration;
			buildSettings = {
				ALWAYS_SEARCH_USER_PATHS = NO;
				ARCHS = "$(ARCHS_STANDARD_INCLUDING_64_BIT)";
				CLANG_CXX_LANGUAGE_STANDARD = "gnu++0x";
				CLANG_CXX_LIBRARY = "libc++";
				CLANG_ENABLE_MODULES = YES;
				CLANG_ENABLE_OBJC_ARC = YES;
				CLANG_WARN_BOOL_CONVERSION = YES;
				CLANG_WARN_CONSTANT_CONVERSION = YES;
				CLANG_WARN_DIRECT_OBJC_ISA_USAGE = YES_ERROR;
				CLANG_WARN_EMPTY_BODY = YES;
				CLANG_WARN_ENUM_CONVERSION = YES;
				CLANG_WARN_INT_CONVERSION = YES;
				CLANG_WARN_OBJC_ROOT_CLASS = YES_ERROR;
				CLANG_WARN__DUPLICATE_METHOD_MATCH = YES;
				"CODE_SIGN_IDENTITY[sdk=iphoneos*]" = "iPhone Developer";
				COPY_PHASE_STRIP = NO;
				GCC_C_LANGUAGE_STANDARD = gnu99;
				GCC_DYNAMIC_NO_PIC = NO;
				GCC_OPTIMIZATION_LEVEL = 0;
				GCC_PREPROCESSOR_DEFINITIONS = (
					"DEBUG=1",
					"$(inherited)",
				);
				GCC_SYMBOLS_PRIVATE_EXTERN = NO;
				GCC_WARN_64_TO_32_BIT_CONVERSION = YES;
				GCC_WARN_ABOUT_RETURN_TYPE = YES_ERROR;
				GCC_WARN_UNDECLARED_SELECTOR = YES;
				GCC_WARN_UNINITIALIZED_AUTOS = YES;
				GCC_WARN_UNUSED_FUNCTION = YES;
				GCC_WARN_UNUSED_VARIABLE = YES;
				IPHONEOS_DEPLOYMENT_TARGET = 7.0;
				ONLY_ACTIVE_ARCH = YES;
				SDKROOT = iphoneos;
				TARGETED_DEVICE_FAMILY = "1,2";
			};
			name = Debug;
		};
		2ED1AA76187069E00085209F /* Release */ = {
			isa = XCBuildConfiguration;
			buildSettings = {
				ALWAYS_SEARCH_USER_PATHS = NO;
				ARCHS = "$(ARCHS_STANDARD_INCLUDING_64_BIT)";
				CLANG_CXX_LANGUAGE_STANDARD = "gnu++0x";
				CLANG_CXX_LIBRARY = "libc++";
				CLANG_ENABLE_MODULES = YES;
				CLANG_ENABLE_OBJC_ARC = YES;
				CLANG_WARN_BOOL_CONVERSION = YES;
				CLANG_WARN_CONSTANT_CONVERSION = YES;
				CLANG_WARN_DIRECT_OBJC_ISA_USAGE = YES_ERROR;
				CLANG_WARN_EMPTY_BODY = YES;
				CLANG_WARN_ENUM_CONVERSION = YES;
				CLANG_WARN_INT_CONVERSION = YES;
				CLANG_WARN_OBJC_ROOT_CLASS = YES_ERROR;
				CLANG_WARN__DUPLICATE_METHOD_MATCH = YES;
				"CODE_SIGN_IDENTITY[sdk=iphoneos*]" = "iPhone Developer";
				COPY_PHASE_STRIP = YES;
				ENABLE_NS_ASSERTIONS = NO;
				GCC_C_LANGUAGE_STANDARD = gnu99;
				GCC_WARN_64_TO_32_BIT_CONVERSION = YES;
				GCC_WARN_ABOUT_RETURN_TYPE = YES_ERROR;
				GCC_WARN_UNDECLARED_SELECTOR = YES;
				GCC_WARN_UNINITIALIZED_AUTOS = YES;
				GCC_WARN_UNUSED_FUNCTION = YES;
				GCC_WARN_UNUSED_VARIABLE = YES;
				IPHONEOS_DEPLOYMENT_TARGET = 7.0;
				SDKROOT = iphoneos;
				TARGETED_DEVICE_FAMILY = "1,2";
				VALIDATE_PRODUCT = YES;
			};
			name = Release;
		};
		2ED1AA78187069E00085209F /* Debug */ = {
			isa = XCBuildConfiguration;
			baseConfigurationReference = CB487FBAEAF7466F9D2EF7DA /* Pods.xcconfig */;
			buildSettings = {
				ARCHS = "$(ARCHS_STANDARD)";
				ASSETCATALOG_COMPILER_APPICON_NAME = AppIcon;
				ASSETCATALOG_COMPILER_LAUNCHIMAGE_NAME = LaunchImage;
				CODE_SIGN_IDENTITY = "iPhone Distribution: Alasdair Monk (KYSECZZ36U)";
				"CODE_SIGN_IDENTITY[sdk=iphoneos*]" = "iPhone Developer";
				FRAMEWORK_SEARCH_PATHS = (
					"$(inherited)",
					"$(SYSTEM_APPS_DIR)/Reveal.app/Contents/SharedSupport/iOS-Libraries",
				);
				GCC_PRECOMPILE_PREFIX_HEADER = YES;
				GCC_PREFIX_HEADER = "MobileDN/MobileDN-Prefix.pch";
				INFOPLIST_FILE = "MobileDN/MobileDN-Info.plist";
				IPHONEOS_DEPLOYMENT_TARGET = 7.0;
				LIBRARY_SEARCH_PATHS = (
					"$(inherited)",
					/Users/alasdairmonk/Cocoa/MobileDN/MobileDN,
				);
				PRODUCT_NAME = "$(TARGET_NAME)";
				PROVISIONING_PROFILE = "8B09594C-6DF4-4CD9-BB99-2DE789091480";
				TARGETED_DEVICE_FAMILY = 1;
				VALID_ARCHS = "armv7 armv7s";
				WRAPPER_EXTENSION = app;
			};
			name = Debug;
		};
		2ED1AA79187069E00085209F /* Release */ = {
			isa = XCBuildConfiguration;
			baseConfigurationReference = CB487FBAEAF7466F9D2EF7DA /* Pods.xcconfig */;
			buildSettings = {
				ARCHS = "$(ARCHS_STANDARD)";
				ASSETCATALOG_COMPILER_APPICON_NAME = AppIcon;
				ASSETCATALOG_COMPILER_LAUNCHIMAGE_NAME = LaunchImage;
				CODE_SIGN_IDENTITY = "iPhone Developer";
				"CODE_SIGN_IDENTITY[sdk=iphoneos*]" = "iPhone Developer";
				FRAMEWORK_SEARCH_PATHS = (
					"$(inherited)",
					"$(SYSTEM_APPS_DIR)/Reveal.app/Contents/SharedSupport/iOS-Libraries",
				);
				GCC_PRECOMPILE_PREFIX_HEADER = YES;
				GCC_PREFIX_HEADER = "MobileDN/MobileDN-Prefix.pch";
				INFOPLIST_FILE = "MobileDN/MobileDN-Info.plist";
				IPHONEOS_DEPLOYMENT_TARGET = 7.0;
				LIBRARY_SEARCH_PATHS = (
					"$(inherited)",
					/Users/alasdairmonk/Cocoa/MobileDN/MobileDN,
				);
				PRODUCT_NAME = "$(TARGET_NAME)";
				PROVISIONING_PROFILE = "888AAFF8-1D7C-4E17-B184-A158DA431751";
				TARGETED_DEVICE_FAMILY = 1;
				VALID_ARCHS = "armv7 armv7s";
				WRAPPER_EXTENSION = app;
			};
			name = Release;
		};
		2ED1AA7B187069E00085209F /* Debug */ = {
			isa = XCBuildConfiguration;
			buildSettings = {
				ARCHS = "$(ARCHS_STANDARD_INCLUDING_64_BIT)";
				BUNDLE_LOADER = "$(BUILT_PRODUCTS_DIR)/MobileDN.app/MobileDN";
				FRAMEWORK_SEARCH_PATHS = (
					"$(SDKROOT)/Developer/Library/Frameworks",
					"$(inherited)",
					"$(DEVELOPER_FRAMEWORKS_DIR)",
				);
				GCC_PRECOMPILE_PREFIX_HEADER = YES;
				GCC_PREFIX_HEADER = "MobileDN/MobileDN-Prefix.pch";
				GCC_PREPROCESSOR_DEFINITIONS = (
					"DEBUG=1",
					"$(inherited)",
				);
				INFOPLIST_FILE = "MobileDNTests/MobileDNTests-Info.plist";
				PRODUCT_NAME = "$(TARGET_NAME)";
				TEST_HOST = "$(BUNDLE_LOADER)";
				WRAPPER_EXTENSION = xctest;
			};
			name = Debug;
		};
		2ED1AA7C187069E00085209F /* Release */ = {
			isa = XCBuildConfiguration;
			buildSettings = {
				ARCHS = "$(ARCHS_STANDARD_INCLUDING_64_BIT)";
				BUNDLE_LOADER = "$(BUILT_PRODUCTS_DIR)/MobileDN.app/MobileDN";
				FRAMEWORK_SEARCH_PATHS = (
					"$(SDKROOT)/Developer/Library/Frameworks",
					"$(inherited)",
					"$(DEVELOPER_FRAMEWORKS_DIR)",
				);
				GCC_PRECOMPILE_PREFIX_HEADER = YES;
				GCC_PREFIX_HEADER = "MobileDN/MobileDN-Prefix.pch";
				INFOPLIST_FILE = "MobileDNTests/MobileDNTests-Info.plist";
				PRODUCT_NAME = "$(TARGET_NAME)";
				TEST_HOST = "$(BUNDLE_LOADER)";
				WRAPPER_EXTENSION = xctest;
			};
			name = Release;
		};
/* End XCBuildConfiguration section */

/* Begin XCConfigurationList section */
		2ED1AA3A187069E00085209F /* Build configuration list for PBXProject "MobileDN" */ = {
			isa = XCConfigurationList;
			buildConfigurations = (
				2ED1AA75187069E00085209F /* Debug */,
				2ED1AA76187069E00085209F /* Release */,
			);
			defaultConfigurationIsVisible = 0;
			defaultConfigurationName = Release;
		};
		2ED1AA77187069E00085209F /* Build configuration list for PBXNativeTarget "MobileDN" */ = {
			isa = XCConfigurationList;
			buildConfigurations = (
				2ED1AA78187069E00085209F /* Debug */,
				2ED1AA79187069E00085209F /* Release */,
			);
			defaultConfigurationIsVisible = 0;
			defaultConfigurationName = Release;
		};
		2ED1AA7A187069E00085209F /* Build configuration list for PBXNativeTarget "MobileDNTests" */ = {
			isa = XCConfigurationList;
			buildConfigurations = (
				2ED1AA7B187069E00085209F /* Debug */,
				2ED1AA7C187069E00085209F /* Release */,
			);
			defaultConfigurationIsVisible = 0;
			defaultConfigurationName = Release;
		};
/* End XCConfigurationList section */
	};
	rootObject = 2ED1AA37187069E00085209F /* Project object */;
}
